
Microsoft Visual Studio Solution File, Format Version 12.00
# Visual Studio Version 17
VisualStudioVersion = 17.5.002.0
MinimumVisualStudioVersion = 10.0.40219.1
Project("{9A19103F-16F7-4668-BE54-9A1E7A4F7556}") = "pa5-WheelWell9876", "pa5-WheelWell9876.csproj", "{0C114FD6-A234-4DFB-B22A-EA29A123EFD5}"
EndProject
Global
	GlobalSection(SolutionConfigurationPlatforms) = preSolution
		Debug|Any CPU = Debug|Any CPU
		Release|Any CPU = Release|Any CPU
	EndGlobalSection
	GlobalSection(ProjectConfigurationPlatforms) = postSolution
		{0C114FD6-A234-4DFB-B22A-EA29A123EFD5}.Debug|Any CPU.ActiveCfg = Debug|Any CPU
		{0C114FD6-A234-4DFB-B22A-EA29A123EFD5}.Debug|Any CPU.Build.0 = Debug|Any CPU
		{0C114FD6-A234-4DFB-B22A-EA29A123EFD5}.Release|Any CPU.ActiveCfg = Release|Any CPU
		{0C114FD6-A234-4DFB-B22A-EA29A123EFD5}.Release|Any CPU.Build.0 = Release|Any CPU
	EndGlobalSection
	GlobalSection(SolutionProperties) = preSolution
		HideSolutionNode = FALSE
	EndGlobalSection
	GlobalSection(ExtensibilityGlobals) = postSolution
		SolutionGuid = {F1969615-A636-4D73-9D85-8524D65D7F45}
	EndGlobalSection
EndGlobal
